
Microsoft Visual Studio Solution File, Format Version 12.00
# Visual Studio Version 16
VisualStudioVersion = 16.0.29215.179
MinimumVisualStudioVersion = 10.0.40219.1
Project("{9A19103F-16F7-4668-BE54-9A1E7A4F7556}") = "RPG.Domain", "RPG.Domain\RPG.Domain.csproj", "{36DD6FEF-2AF6-40AD-83AA-DBDB70ED23FC}"
EndProject
Project("{FAE04EC0-301F-11D3-BF4B-00C04F79EFBC}") = "MAGUS.TTK.Domain", "MAGUS.TTK.Domain\MAGUS.TTK.Domain.csproj", "{3C1D81CD-319A-45A7-8C08-5D831F182C85}"
EndProject
Global
	GlobalSection(SolutionConfigurationPlatforms) = preSolution
		Debug|Any CPU = Debug|Any CPU
		Release|Any CPU = Release|Any CPU
	EndGlobalSection
	GlobalSection(ProjectConfigurationPlatforms) = postSolution
		{36DD6FEF-2AF6-40AD-83AA-DBDB70ED23FC}.Debug|Any CPU.ActiveCfg = Debug|Any CPU
		{36DD6FEF-2AF6-40AD-83AA-DBDB70ED23FC}.Debug|Any CPU.Build.0 = Debug|Any CPU
		{36DD6FEF-2AF6-40AD-83AA-DBDB70ED23FC}.Release|Any CPU.ActiveCfg = Release|Any CPU
		{36DD6FEF-2AF6-40AD-83AA-DBDB70ED23FC}.Release|Any CPU.Build.0 = Release|Any CPU
		{3C1D81CD-319A-45A7-8C08-5D831F182C85}.Debug|Any CPU.ActiveCfg = Debug|Any CPU
		{3C1D81CD-319A-45A7-8C08-5D831F182C85}.Debug|Any CPU.Build.0 = Debug|Any CPU
		{3C1D81CD-319A-45A7-8C08-5D831F182C85}.Release|Any CPU.ActiveCfg = Release|Any CPU
		{3C1D81CD-319A-45A7-8C08-5D831F182C85}.Release|Any CPU.Build.0 = Release|Any CPU
	EndGlobalSection
	GlobalSection(SolutionProperties) = preSolution
		HideSolutionNode = FALSE
	EndGlobalSection
	GlobalSection(ExtensibilityGlobals) = postSolution
		SolutionGuid = {9F14DFCD-1180-4335-B84B-623AC3C28A07}
	EndGlobalSection
EndGlobal
